
Microsoft Visual Studio Solution File, Format Version 12.00
# Visual Studio Version 16
VisualStudioVersion = 16.0.31112.23
MinimumVisualStudioVersion = 10.0.40219.1
Project("{FAE04EC0-301F-11D3-BF4B-00C04F79EFBC}") = "ViewModelIssue.Android", "ViewModelIssue\ViewModelIssue.Android\ViewModelIssue.Android.csproj", "{7DE629DF-9044-4934-8DF7-A01413FEE32B}"
EndProject
Project("{FAE04EC0-301F-11D3-BF4B-00C04F79EFBC}") = "ViewModelIssue.iOS", "ViewModelIssue\ViewModelIssue.iOS\ViewModelIssue.iOS.csproj", "{118E74E0-EFDE-4D07-92F9-5BA300E7EFF0}"
EndProject
Project("{FAE04EC0-301F-11D3-BF4B-00C04F79EFBC}") = "ViewModelIssue", "ViewModelIssue\ViewModelIssue\ViewModelIssue.csproj", "{EACC465B-5A94-4399-BE1D-E67A37533F34}"
EndProject
Global
	GlobalSection(SolutionConfigurationPlatforms) = preSolution
		Debug|Any CPU = Debug|Any CPU
		Debug|iPhone = Debug|iPhone
		Debug|iPhoneSimulator = Debug|iPhoneSimulator
		Release|Any CPU = Release|Any CPU
		Release|iPhone = Release|iPhone
		Release|iPhoneSimulator = Release|iPhoneSimulator
	EndGlobalSection
	GlobalSection(ProjectConfigurationPlatforms) = postSolution
		{7DE629DF-9044-4934-8DF7-A01413FEE32B}.Debug|Any CPU.ActiveCfg = Debug|Any CPU
		{7DE629DF-9044-4934-8DF7-A01413FEE32B}.Debug|Any CPU.Build.0 = Debug|Any CPU
		{7DE629DF-9044-4934-8DF7-A01413FEE32B}.Debug|Any CPU.Deploy.0 = Debug|Any CPU
		{7DE629DF-9044-4934-8DF7-A01413FEE32B}.Debug|iPhone.ActiveCfg = Debug|Any CPU
		{7DE629DF-9044-4934-8DF7-A01413FEE32B}.Debug|iPhone.Build.0 = Debug|Any CPU
		{7DE629DF-9044-4934-8DF7-A01413FEE32B}.Debug|iPhone.Deploy.0 = Debug|Any CPU
		{7DE629DF-9044-4934-8DF7-A01413FEE32B}.Debug|iPhoneSimulator.ActiveCfg = Debug|Any CPU
		{7DE629DF-9044-4934-8DF7-A01413FEE32B}.Debug|iPhoneSimulator.Build.0 = Debug|Any CPU
		{7DE629DF-9044-4934-8DF7-A01413FEE32B}.Debug|iPhoneSimulator.Deploy.0 = Debug|Any CPU
		{7DE629DF-9044-4934-8DF7-A01413FEE32B}.Release|Any CPU.ActiveCfg = Release|Any CPU
		{7DE629DF-9044-4934-8DF7-A01413FEE32B}.Release|Any CPU.Build.0 = Release|Any CPU
		{7DE629DF-9044-4934-8DF7-A01413FEE32B}.Release|Any CPU.Deploy.0 = Release|Any CPU
		{7DE629DF-9044-4934-8DF7-A01413FEE32B}.Release|iPhone.ActiveCfg = Release|Any CPU
		{7DE629DF-9044-4934-8DF7-A01413FEE32B}.Release|iPhone.Build.0 = Release|Any CPU
		{7DE629DF-9044-4934-8DF7-A01413FEE32B}.Release|iPhone.Deploy.0 = Release|Any CPU
		{7DE629DF-9044-4934-8DF7-A01413FEE32B}.Release|iPhoneSimulator.ActiveCfg = Release|Any CPU
		{7DE629DF-9044-4934-8DF7-A01413FEE32B}.Release|iPhoneSimulator.Build.0 = Release|Any CPU
		{7DE629DF-9044-4934-8DF7-A01413FEE32B}.Release|iPhoneSimulator.Deploy.0 = Release|Any CPU
		{118E74E0-EFDE-4D07-92F9-5BA300E7EFF0}.Debug|Any CPU.ActiveCfg = Debug|iPhone
		{118E74E0-EFDE-4D07-92F9-5BA300E7EFF0}.Debug|Any CPU.Build.0 = Debug|iPhone
		{118E74E0-EFDE-4D07-92F9-5BA300E7EFF0}.Debug|Any CPU.Deploy.0 = Debug|iPhone
		{118E74E0-EFDE-4D07-92F9-5BA300E7EFF0}.Debug|iPhone.ActiveCfg = Debug|iPhone
		{118E74E0-EFDE-4D07-92F9-5BA300E7EFF0}.Debug|iPhone.Build.0 = Debug|iPhone
		{118E74E0-EFDE-4D07-92F9-5BA300E7EFF0}.Debug|iPhone.Deploy.0 = Debug|iPhone
		{118E74E0-EFDE-4D07-92F9-5BA300E7EFF0}.Debug|iPhoneSimulator.ActiveCfg = Debug|iPhoneSimulator
		{118E74E0-EFDE-4D07-92F9-5BA300E7EFF0}.Debug|iPhoneSimulator.Build.0 = Debug|iPhoneSimulator
		{118E74E0-EFDE-4D07-92F9-5BA300E7EFF0}.Debug|iPhoneSimulator.Deploy.0 = Debug|iPhoneSimulator
		{118E74E0-EFDE-4D07-92F9-5BA300E7EFF0}.Release|Any CPU.ActiveCfg = Release|iPhoneSimulator
		{118E74E0-EFDE-4D07-92F9-5BA300E7EFF0}.Release|Any CPU.Build.0 = Release|iPhoneSimulator
		{118E74E0-EFDE-4D07-92F9-5BA300E7EFF0}.Release|Any CPU.Deploy.0 = Release|iPhoneSimulator
		{118E74E0-EFDE-4D07-92F9-5BA300E7EFF0}.Release|iPhone.ActiveCfg = Release|iPhone
		{118E74E0-EFDE-4D07-92F9-5BA300E7EFF0}.Release|iPhone.Build.0 = Release|iPhone
		{118E74E0-EFDE-4D07-92F9-5BA300E7EFF0}.Release|iPhone.Deploy.0 = Release|iPhone
		{118E74E0-EFDE-4D07-92F9-5BA300E7EFF0}.Release|iPhoneSimulator.ActiveCfg = Release|iPhoneSimulator
		{118E74E0-EFDE-4D07-92F9-5BA300E7EFF0}.Release|iPhoneSimulator.Build.0 = Release|iPhoneSimulator
		{118E74E0-EFDE-4D07-92F9-5BA300E7EFF0}.Release|iPhoneSimulator.Deploy.0 = Release|iPhoneSimulator
		{EACC465B-5A94-4399-BE1D-E67A37533F34}.Debug|Any CPU.ActiveCfg = Debug|Any CPU
		{EACC465B-5A94-4399-BE1D-E67A37533F34}.Debug|Any CPU.Build.0 = Debug|Any CPU
		{EACC465B-5A94-4399-BE1D-E67A37533F34}.Debug|Any CPU.Deploy.0 = Debug|Any CPU
		{EACC465B-5A94-4399-BE1D-E67A37533F34}.Debug|iPhone.ActiveCfg = Debug|Any CPU
		{EACC465B-5A94-4399-BE1D-E67A37533F34}.Debug|iPhone.Build.0 = Debug|Any CPU
		{EACC465B-5A94-4399-BE1D-E67A37533F34}.Debug|iPhone.Deploy.0 = Debug|Any CPU
		{EACC465B-5A94-4399-BE1D-E67A37533F34}.Debug|iPhoneSimulator.ActiveCfg = Debug|Any CPU
		{EACC465B-5A94-4399-BE1D-E67A37533F34}.Debug|iPhoneSimulator.Build.0 = Debug|Any CPU
		{EACC465B-5A94-4399-BE1D-E67A37533F34}.Debug|iPhoneSimulator.Deploy.0 = Debug|Any CPU
		{EACC465B-5A94-4399-BE1D-E67A37533F34}.Release|Any CPU.ActiveCfg = Release|Any CPU
		{EACC465B-5A94-4399-BE1D-E67A37533F34}.Release|Any CPU.Build.0 = Release|Any CPU
		{EACC465B-5A94-4399-BE1D-E67A37533F34}.Release|Any CPU.Deploy.0 = Release|Any CPU
		{EACC465B-5A94-4399-BE1D-E67A37533F34}.Release|iPhone.ActiveCfg = Release|Any CPU
		{EACC465B-5A94-4399-BE1D-E67A37533F34}.Release|iPhone.Build.0 = Release|Any CPU
		{EACC465B-5A94-4399-BE1D-E67A37533F34}.Release|iPhone.Deploy.0 = Release|Any CPU
		{EACC465B-5A94-4399-BE1D-E67A37533F34}.Release|iPhoneSimulator.ActiveCfg = Release|Any CPU
		{EACC465B-5A94-4399-BE1D-E67A37533F34}.Release|iPhoneSimulator.Build.0 = Release|Any CPU
		{EACC465B-5A94-4399-BE1D-E67A37533F34}.Release|iPhoneSimulator.Deploy.0 = Release|Any CPU
	EndGlobalSection
	GlobalSection(SolutionProperties) = preSolution
		HideSolutionNode = FALSE
	EndGlobalSection
	GlobalSection(ExtensibilityGlobals) = postSolution
		SolutionGuid = {B07E695E-35C8-47EE-8E61-E4F51CBC1257}
	EndGlobalSection
EndGlobal
